
Microsoft Visual Studio Solution File, Format Version 12.00
# Visual Studio Version 16
VisualStudioVersion = 16.0.31005.135
MinimumVisualStudioVersion = 10.0.40219.1
Project("{FAE04EC0-301F-11D3-BF4B-00C04F79EFBC}") = "pTesteMetodos", "pTesteMetodos\pTesteMetodos.csproj", "{A2627EB1-6179-4852-B020-FEE7BEB68DCF}"
EndProject
Global
	GlobalSection(SolutionConfigurationPlatforms) = preSolution
		Debug|Any CPU = Debug|Any CPU
		Release|Any CPU = Release|Any CPU
	EndGlobalSection
	GlobalSection(ProjectConfigurationPlatforms) = postSolution
		{A2627EB1-6179-4852-B020-FEE7BEB68DCF}.Debug|Any CPU.ActiveCfg = Debug|Any CPU
		{A2627EB1-6179-4852-B020-FEE7BEB68DCF}.Debug|Any CPU.Build.0 = Debug|Any CPU
		{A2627EB1-6179-4852-B020-FEE7BEB68DCF}.Release|Any CPU.ActiveCfg = Release|Any CPU
		{A2627EB1-6179-4852-B020-FEE7BEB68DCF}.Release|Any CPU.Build.0 = Release|Any CPU
	EndGlobalSection
	GlobalSection(SolutionProperties) = preSolution
		HideSolutionNode = FALSE
	EndGlobalSection
	GlobalSection(ExtensibilityGlobals) = postSolution
		SolutionGuid = {BF183922-38FC-4578-8087-4545D407AF8E}
	EndGlobalSection
EndGlobal
